
Microsoft Visual Studio Solution File, Format Version 12.00
# Visual Studio Version 17
VisualStudioVersion = 17.5.002.0
MinimumVisualStudioVersion = 10.0.40219.1
Project("{FAE04EC0-301F-11D3-BF4B-00C04F79EFBC}") = "KlassyCafePostgreSql", "KlassyCafePostgreSql.csproj", "{E236001C-CB2E-4834-9995-481376876135}"
EndProject
Global
	GlobalSection(SolutionConfigurationPlatforms) = preSolution
		Debug|Any CPU = Debug|Any CPU
		Release|Any CPU = Release|Any CPU
	EndGlobalSection
	GlobalSection(ProjectConfigurationPlatforms) = postSolution
		{E236001C-CB2E-4834-9995-481376876135}.Debug|Any CPU.ActiveCfg = Debug|Any CPU
		{E236001C-CB2E-4834-9995-481376876135}.Debug|Any CPU.Build.0 = Debug|Any CPU
		{E236001C-CB2E-4834-9995-481376876135}.Release|Any CPU.ActiveCfg = Release|Any CPU
		{E236001C-CB2E-4834-9995-481376876135}.Release|Any CPU.Build.0 = Release|Any CPU
	EndGlobalSection
	GlobalSection(SolutionProperties) = preSolution
		HideSolutionNode = FALSE
	EndGlobalSection
	GlobalSection(ExtensibilityGlobals) = postSolution
		SolutionGuid = {CBB86188-F971-413A-9394-31E755A10486}
	EndGlobalSection
EndGlobal
